{
  "name": "testgittools",
  "version": "1.0.0",
  "lockfileVersion": 1,
  "requires": true,
  "dependencies": {
    "git-tools": {
      "version": "0.3.0",
      "resolved": "http://registry.npm.taobao.org/git-tools/download/git-tools-0.3.0.tgz",
      "integrity": "sha1-X5Cpd9R+JyKqt/QaJe7wGlpi/KQ=",
      "dev": true,
      "requires": {
        "spawnback": "1.0.0"
      }
    },
    "spawnback": {
      "version": "1.0.0",
      "resolved": "http://registry.npm.taobao.org/spawnback/download/spawnback-1.0.0.tgz",
      "integrity": "sha1-9zZi9+VNlTZ+ynTWQmxnfdfqaG8=",
      "dev": true
    }
  }
}
